Microsoft Visual Studio Solution File, Format Version 12.00
# Visual Studio 2012
Project("{8BC9CEB8-8B4A-11D0-8D11-00A0C91BC942}") = "menge", "menge.vcxproj", "{B6CABAC3-735C-4046-97D5-DB2E9621F8C1}"
EndProject
Project("{8BC9CEB8-8B4A-11D0-8D11-00A0C91BC942}") = "tinyxml", "tinyxml_lib.vcxproj", "{C406DAEC-0886-4771-8DEA-9D7329B46CC1}"
EndProject
Project("{8BC9CEB8-8B4A-11D0-8D11-00A0C91BC942}") = "MengeCore", "MengeCore.vcxproj", "{F5B90B6A-8E12-496E-99EB-3CE9CBB79142}"
EndProject
Global
	GlobalSection(SolutionConfigurationPlatforms) = preSolution
		Debug|Win32 = Debug|Win32
		Release|Win32 = Release|Win32
		ReleaseST|Win32 = ReleaseST|Win32
	EndGlobalSection
	GlobalSection(ProjectConfigurationPlatforms) = postSolution
		{B6CABAC3-735C-4046-97D5-DB2E9621F8C1}.Debug|Win32.ActiveCfg = Debug|Win32
		{B6CABAC3-735C-4046-97D5-DB2E9621F8C1}.Debug|Win32.Build.0 = Debug|Win32
		{B6CABAC3-735C-4046-97D5-DB2E9621F8C1}.Release|Win32.ActiveCfg = Release|Win32
		{B6CABAC3-735C-4046-97D5-DB2E9621F8C1}.Release|Win32.Build.0 = Release|Win32
		{B6CABAC3-735C-4046-97D5-DB2E9621F8C1}.ReleaseST|Win32.ActiveCfg = Release|Win32
		{B6CABAC3-735C-4046-97D5-DB2E9621F8C1}.ReleaseST|Win32.Build.0 = Release|Win32
		{C406DAEC-0886-4771-8DEA-9D7329B46CC1}.Debug|Win32.ActiveCfg = Debug|Win32
		{C406DAEC-0886-4771-8DEA-9D7329B46CC1}.Debug|Win32.Build.0 = Debug|Win32
		{C406DAEC-0886-4771-8DEA-9D7329B46CC1}.Release|Win32.ActiveCfg = Release|Win32
		{C406DAEC-0886-4771-8DEA-9D7329B46CC1}.Release|Win32.Build.0 = Release|Win32
		{C406DAEC-0886-4771-8DEA-9D7329B46CC1}.ReleaseST|Win32.ActiveCfg = Release|Win32
		{C406DAEC-0886-4771-8DEA-9D7329B46CC1}.ReleaseST|Win32.Build.0 = Release|Win32
		{F5B90B6A-8E12-496E-99EB-3CE9CBB79142}.Debug|Win32.ActiveCfg = Debug|Win32
		{F5B90B6A-8E12-496E-99EB-3CE9CBB79142}.Debug|Win32.Build.0 = Debug|Win32
		{F5B90B6A-8E12-496E-99EB-3CE9CBB79142}.Release|Win32.ActiveCfg = Release|Win32
		{F5B90B6A-8E12-496E-99EB-3CE9CBB79142}.Release|Win32.Build.0 = Release|Win32
		{F5B90B6A-8E12-496E-99EB-3CE9CBB79142}.ReleaseST|Win32.ActiveCfg = Release|Win32
		{F5B90B6A-8E12-496E-99EB-3CE9CBB79142}.ReleaseST|Win32.Build.0 = Release|Win32
	EndGlobalSection
	GlobalSection(SolutionProperties) = preSolution
		HideSolutionNode = FALSE
	EndGlobalSection
EndGlobal
