Microsoft Visual Studio Solution File, Format Version 12.00
# Visual Studio 2012
Project("{8BC9CEB8-8B4A-11D0-8D11-00A0C91BC942}") = "AgtKaramouzas", "AgtKaramouzas.vcxproj", "{4AF6F39F-2653-4E7E-AF2E-EFD37B1C1AD4}"
EndProject
Project("{8BC9CEB8-8B4A-11D0-8D11-00A0C91BC942}") = "AgtDummy", "AgtDummy.vcxproj", "{77BE22D2-25E3-4025-8512-9BB5015ED73F}"
EndProject
Project("{8BC9CEB8-8B4A-11D0-8D11-00A0C91BC942}") = "AgtHelbing", "AgtHelbing.vcxproj", "{2090832D-3620-4E86-904D-08632C3D1AA0}"
EndProject
Project("{8BC9CEB8-8B4A-11D0-8D11-00A0C91BC942}") = "AgtJohansson", "AgtJohansson.vcxproj", "{77491B89-9A8B-4E69-B19A-58AFED2A6E2F}"
EndProject
Project("{8BC9CEB8-8B4A-11D0-8D11-00A0C91BC942}") = "AgtZanlungo", "AgtZanlungo.vcxproj", "{5AAD587D-54BE-46D6-A9C5-C3BE1B82127F}"
EndProject
Project("{8BC9CEB8-8B4A-11D0-8D11-00A0C91BC942}") = "Terrain", "Terrain.vcxproj", "{C3A1CEBF-3091-471D-B682-71ABB8EA2F0A}"
EndProject
Project("{8BC9CEB8-8B4A-11D0-8D11-00A0C91BC942}") = "Formations", "Formations.vcxproj", "{B321C48F-6A77-4949-AEF3-F313A31D357F}"
EndProject
Project("{8BC9CEB8-8B4A-11D0-8D11-00A0C91BC942}") = "FundDiag", "FundDiag.vcxproj", "{2CB742B3-536D-4E39-BA12-6D029E8FCA2A}"
EndProject
Project("{8BC9CEB8-8B4A-11D0-8D11-00A0C91BC942}") = "Aircraft", "Aircraft.vcxproj", "{2B4A4D3D-27A9-4C27-95BE-21737C22EA54}"
EndProject
Project("{8BC9CEB8-8B4A-11D0-8D11-00A0C91BC942}") = "StressGas", "StressGas.vcxproj", "{0D2D751B-24DD-457D-BDDD-46EDB597E006}"
EndProject
Project("{8BC9CEB8-8B4A-11D0-8D11-00A0C91BC942}") = "AgtGCF", "AgtGCF.vcxproj", "{E75202E3-D161-435D-8250-F7D8D850D2BF}"
EndProject
Global
	GlobalSection(SolutionConfigurationPlatforms) = preSolution
		Debug|Win32 = Debug|Win32
		Debug|x64 = Debug|x64
		Release|Win32 = Release|Win32
		Release|x64 = Release|x64
		ReleaseST|Win32 = ReleaseST|Win32
		ReleaseST|x64 = ReleaseST|x64
	EndGlobalSection
	GlobalSection(ProjectConfigurationPlatforms) = postSolution
		{4AF6F39F-2653-4E7E-AF2E-EFD37B1C1AD4}.Debug|Win32.ActiveCfg = Debug|Win32
		{4AF6F39F-2653-4E7E-AF2E-EFD37B1C1AD4}.Debug|Win32.Build.0 = Debug|Win32
		{4AF6F39F-2653-4E7E-AF2E-EFD37B1C1AD4}.Debug|x64.ActiveCfg = Debug|x64
		{4AF6F39F-2653-4E7E-AF2E-EFD37B1C1AD4}.Debug|x64.Build.0 = Debug|x64
		{4AF6F39F-2653-4E7E-AF2E-EFD37B1C1AD4}.Release|Win32.ActiveCfg = Release|Win32
		{4AF6F39F-2653-4E7E-AF2E-EFD37B1C1AD4}.Release|Win32.Build.0 = Release|Win32
		{4AF6F39F-2653-4E7E-AF2E-EFD37B1C1AD4}.Release|x64.ActiveCfg = Release|x64
		{4AF6F39F-2653-4E7E-AF2E-EFD37B1C1AD4}.Release|x64.Build.0 = Release|x64
		{4AF6F39F-2653-4E7E-AF2E-EFD37B1C1AD4}.ReleaseST|Win32.ActiveCfg = Release|Win32
		{4AF6F39F-2653-4E7E-AF2E-EFD37B1C1AD4}.ReleaseST|Win32.Build.0 = Release|Win32
		{4AF6F39F-2653-4E7E-AF2E-EFD37B1C1AD4}.ReleaseST|x64.ActiveCfg = Release|x64
		{4AF6F39F-2653-4E7E-AF2E-EFD37B1C1AD4}.ReleaseST|x64.Build.0 = Release|x64
		{77BE22D2-25E3-4025-8512-9BB5015ED73F}.Debug|Win32.ActiveCfg = Debug|Win32
		{77BE22D2-25E3-4025-8512-9BB5015ED73F}.Debug|Win32.Build.0 = Debug|Win32
		{77BE22D2-25E3-4025-8512-9BB5015ED73F}.Debug|x64.ActiveCfg = Debug|x64
		{77BE22D2-25E3-4025-8512-9BB5015ED73F}.Debug|x64.Build.0 = Debug|x64
		{77BE22D2-25E3-4025-8512-9BB5015ED73F}.Release|Win32.ActiveCfg = Release|Win32
		{77BE22D2-25E3-4025-8512-9BB5015ED73F}.Release|Win32.Build.0 = Release|Win32
		{77BE22D2-25E3-4025-8512-9BB5015ED73F}.Release|x64.ActiveCfg = Release|x64
		{77BE22D2-25E3-4025-8512-9BB5015ED73F}.Release|x64.Build.0 = Release|x64
		{77BE22D2-25E3-4025-8512-9BB5015ED73F}.ReleaseST|Win32.ActiveCfg = Release|Win32
		{77BE22D2-25E3-4025-8512-9BB5015ED73F}.ReleaseST|Win32.Build.0 = Release|Win32
		{77BE22D2-25E3-4025-8512-9BB5015ED73F}.ReleaseST|x64.ActiveCfg = Release|x64
		{77BE22D2-25E3-4025-8512-9BB5015ED73F}.ReleaseST|x64.Build.0 = Release|x64
		{2090832D-3620-4E86-904D-08632C3D1AA0}.Debug|Win32.ActiveCfg = Debug|Win32
		{2090832D-3620-4E86-904D-08632C3D1AA0}.Debug|Win32.Build.0 = Debug|Win32
		{2090832D-3620-4E86-904D-08632C3D1AA0}.Debug|x64.ActiveCfg = Debug|x64
		{2090832D-3620-4E86-904D-08632C3D1AA0}.Debug|x64.Build.0 = Debug|x64
		{2090832D-3620-4E86-904D-08632C3D1AA0}.Release|Win32.ActiveCfg = Release|Win32
		{2090832D-3620-4E86-904D-08632C3D1AA0}.Release|Win32.Build.0 = Release|Win32
		{2090832D-3620-4E86-904D-08632C3D1AA0}.Release|x64.ActiveCfg = Release|x64
		{2090832D-3620-4E86-904D-08632C3D1AA0}.Release|x64.Build.0 = Release|x64
		{2090832D-3620-4E86-904D-08632C3D1AA0}.ReleaseST|Win32.ActiveCfg = Release|Win32
		{2090832D-3620-4E86-904D-08632C3D1AA0}.ReleaseST|Win32.Build.0 = Release|Win32
		{2090832D-3620-4E86-904D-08632C3D1AA0}.ReleaseST|x64.ActiveCfg = Release|x64
		{2090832D-3620-4E86-904D-08632C3D1AA0}.ReleaseST|x64.Build.0 = Release|x64
		{77491B89-9A8B-4E69-B19A-58AFED2A6E2F}.Debug|Win32.ActiveCfg = Debug|Win32
		{77491B89-9A8B-4E69-B19A-58AFED2A6E2F}.Debug|Win32.Build.0 = Debug|Win32
		{77491B89-9A8B-4E69-B19A-58AFED2A6E2F}.Debug|x64.ActiveCfg = Debug|x64
		{77491B89-9A8B-4E69-B19A-58AFED2A6E2F}.Debug|x64.Build.0 = Debug|x64
		{77491B89-9A8B-4E69-B19A-58AFED2A6E2F}.Release|Win32.ActiveCfg = Release|Win32
		{77491B89-9A8B-4E69-B19A-58AFED2A6E2F}.Release|Win32.Build.0 = Release|Win32
		{77491B89-9A8B-4E69-B19A-58AFED2A6E2F}.Release|x64.ActiveCfg = Release|x64
		{77491B89-9A8B-4E69-B19A-58AFED2A6E2F}.Release|x64.Build.0 = Release|x64
		{77491B89-9A8B-4E69-B19A-58AFED2A6E2F}.ReleaseST|Win32.ActiveCfg = Release|Win32
		{77491B89-9A8B-4E69-B19A-58AFED2A6E2F}.ReleaseST|Win32.Build.0 = Release|Win32
		{77491B89-9A8B-4E69-B19A-58AFED2A6E2F}.ReleaseST|x64.ActiveCfg = Release|x64
		{77491B89-9A8B-4E69-B19A-58AFED2A6E2F}.ReleaseST|x64.Build.0 = Release|x64
		{5AAD587D-54BE-46D6-A9C5-C3BE1B82127F}.Debug|Win32.ActiveCfg = Debug|Win32
		{5AAD587D-54BE-46D6-A9C5-C3BE1B82127F}.Debug|Win32.Build.0 = Debug|Win32
		{5AAD587D-54BE-46D6-A9C5-C3BE1B82127F}.Debug|x64.ActiveCfg = Debug|x64
		{5AAD587D-54BE-46D6-A9C5-C3BE1B82127F}.Debug|x64.Build.0 = Debug|x64
		{5AAD587D-54BE-46D6-A9C5-C3BE1B82127F}.Release|Win32.ActiveCfg = Release|Win32
		{5AAD587D-54BE-46D6-A9C5-C3BE1B82127F}.Release|Win32.Build.0 = Release|Win32
		{5AAD587D-54BE-46D6-A9C5-C3BE1B82127F}.Release|x64.ActiveCfg = Release|x64
		{5AAD587D-54BE-46D6-A9C5-C3BE1B82127F}.Release|x64.Build.0 = Release|x64
		{5AAD587D-54BE-46D6-A9C5-C3BE1B82127F}.ReleaseST|Win32.ActiveCfg = Release|Win32
		{5AAD587D-54BE-46D6-A9C5-C3BE1B82127F}.ReleaseST|Win32.Build.0 = Release|Win32
		{5AAD587D-54BE-46D6-A9C5-C3BE1B82127F}.ReleaseST|x64.ActiveCfg = Release|x64
		{5AAD587D-54BE-46D6-A9C5-C3BE1B82127F}.ReleaseST|x64.Build.0 = Release|x64
		{C3A1CEBF-3091-471D-B682-71ABB8EA2F0A}.Debug|Win32.ActiveCfg = Debug|Win32
		{C3A1CEBF-3091-471D-B682-71ABB8EA2F0A}.Debug|Win32.Build.0 = Debug|Win32
		{C3A1CEBF-3091-471D-B682-71ABB8EA2F0A}.Debug|x64.ActiveCfg = Debug|x64
		{C3A1CEBF-3091-471D-B682-71ABB8EA2F0A}.Debug|x64.Build.0 = Debug|x64
		{C3A1CEBF-3091-471D-B682-71ABB8EA2F0A}.Release|Win32.ActiveCfg = Release|Win32
		{C3A1CEBF-3091-471D-B682-71ABB8EA2F0A}.Release|Win32.Build.0 = Release|Win32
		{C3A1CEBF-3091-471D-B682-71ABB8EA2F0A}.Release|x64.ActiveCfg = Release|x64
		{C3A1CEBF-3091-471D-B682-71ABB8EA2F0A}.Release|x64.Build.0 = Release|x64
		{C3A1CEBF-3091-471D-B682-71ABB8EA2F0A}.ReleaseST|Win32.ActiveCfg = Release|Win32
		{C3A1CEBF-3091-471D-B682-71ABB8EA2F0A}.ReleaseST|Win32.Build.0 = Release|Win32
		{C3A1CEBF-3091-471D-B682-71ABB8EA2F0A}.ReleaseST|x64.ActiveCfg = Release|x64
		{C3A1CEBF-3091-471D-B682-71ABB8EA2F0A}.ReleaseST|x64.Build.0 = Release|x64
		{B321C48F-6A77-4949-AEF3-F313A31D357F}.Debug|Win32.ActiveCfg = Debug|Win32
		{B321C48F-6A77-4949-AEF3-F313A31D357F}.Debug|Win32.Build.0 = Debug|Win32
		{B321C48F-6A77-4949-AEF3-F313A31D357F}.Debug|x64.ActiveCfg = Debug|x64
		{B321C48F-6A77-4949-AEF3-F313A31D357F}.Debug|x64.Build.0 = Debug|x64
		{B321C48F-6A77-4949-AEF3-F313A31D357F}.Release|Win32.ActiveCfg = Release|Win32
		{B321C48F-6A77-4949-AEF3-F313A31D357F}.Release|Win32.Build.0 = Release|Win32
		{B321C48F-6A77-4949-AEF3-F313A31D357F}.Release|x64.ActiveCfg = Release|x64
		{B321C48F-6A77-4949-AEF3-F313A31D357F}.Release|x64.Build.0 = Release|x64
		{B321C48F-6A77-4949-AEF3-F313A31D357F}.ReleaseST|Win32.ActiveCfg = Release|Win32
		{B321C48F-6A77-4949-AEF3-F313A31D357F}.ReleaseST|Win32.Build.0 = Release|Win32
		{B321C48F-6A77-4949-AEF3-F313A31D357F}.ReleaseST|x64.ActiveCfg = Release|x64
		{B321C48F-6A77-4949-AEF3-F313A31D357F}.ReleaseST|x64.Build.0 = Release|x64
		{2CB742B3-536D-4E39-BA12-6D029E8FCA2A}.Debug|Win32.ActiveCfg = Debug|Win32
		{2CB742B3-536D-4E39-BA12-6D029E8FCA2A}.Debug|Win32.Build.0 = Debug|Win32
		{2CB742B3-536D-4E39-BA12-6D029E8FCA2A}.Debug|x64.ActiveCfg = Debug|x64
		{2CB742B3-536D-4E39-BA12-6D029E8FCA2A}.Debug|x64.Build.0 = Debug|x64
		{2CB742B3-536D-4E39-BA12-6D029E8FCA2A}.Release|Win32.ActiveCfg = Release|Win32
		{2CB742B3-536D-4E39-BA12-6D029E8FCA2A}.Release|Win32.Build.0 = Release|Win32
		{2CB742B3-536D-4E39-BA12-6D029E8FCA2A}.Release|x64.ActiveCfg = Release|x64
		{2CB742B3-536D-4E39-BA12-6D029E8FCA2A}.Release|x64.Build.0 = Release|x64
		{2CB742B3-536D-4E39-BA12-6D029E8FCA2A}.ReleaseST|Win32.ActiveCfg = Release|Win32
		{2CB742B3-536D-4E39-BA12-6D029E8FCA2A}.ReleaseST|Win32.Build.0 = Release|Win32
		{2CB742B3-536D-4E39-BA12-6D029E8FCA2A}.ReleaseST|x64.ActiveCfg = Release|x64
		{2CB742B3-536D-4E39-BA12-6D029E8FCA2A}.ReleaseST|x64.Build.0 = Release|x64
		{2B4A4D3D-27A9-4C27-95BE-21737C22EA54}.Debug|Win32.ActiveCfg = Debug|Win32
		{2B4A4D3D-27A9-4C27-95BE-21737C22EA54}.Debug|Win32.Build.0 = Debug|Win32
		{2B4A4D3D-27A9-4C27-95BE-21737C22EA54}.Debug|x64.ActiveCfg = Debug|x64
		{2B4A4D3D-27A9-4C27-95BE-21737C22EA54}.Debug|x64.Build.0 = Debug|x64
		{2B4A4D3D-27A9-4C27-95BE-21737C22EA54}.Release|Win32.ActiveCfg = Release|Win32
		{2B4A4D3D-27A9-4C27-95BE-21737C22EA54}.Release|Win32.Build.0 = Release|Win32
		{2B4A4D3D-27A9-4C27-95BE-21737C22EA54}.Release|x64.ActiveCfg = Release|x64
		{2B4A4D3D-27A9-4C27-95BE-21737C22EA54}.Release|x64.Build.0 = Release|x64
		{2B4A4D3D-27A9-4C27-95BE-21737C22EA54}.ReleaseST|Win32.ActiveCfg = Release|Win32
		{2B4A4D3D-27A9-4C27-95BE-21737C22EA54}.ReleaseST|Win32.Build.0 = Release|Win32
		{2B4A4D3D-27A9-4C27-95BE-21737C22EA54}.ReleaseST|x64.ActiveCfg = Release|x64
		{2B4A4D3D-27A9-4C27-95BE-21737C22EA54}.ReleaseST|x64.Build.0 = Release|x64
		{0D2D751B-24DD-457D-BDDD-46EDB597E006}.Debug|Win32.ActiveCfg = Debug|Win32
		{0D2D751B-24DD-457D-BDDD-46EDB597E006}.Debug|Win32.Build.0 = Debug|Win32
		{0D2D751B-24DD-457D-BDDD-46EDB597E006}.Debug|x64.ActiveCfg = Debug|x64
		{0D2D751B-24DD-457D-BDDD-46EDB597E006}.Debug|x64.Build.0 = Debug|x64
		{0D2D751B-24DD-457D-BDDD-46EDB597E006}.Release|Win32.ActiveCfg = Release|Win32
		{0D2D751B-24DD-457D-BDDD-46EDB597E006}.Release|Win32.Build.0 = Release|Win32
		{0D2D751B-24DD-457D-BDDD-46EDB597E006}.Release|x64.ActiveCfg = Release|x64
		{0D2D751B-24DD-457D-BDDD-46EDB597E006}.Release|x64.Build.0 = Release|x64
		{0D2D751B-24DD-457D-BDDD-46EDB597E006}.ReleaseST|Win32.ActiveCfg = Release|Win32
		{0D2D751B-24DD-457D-BDDD-46EDB597E006}.ReleaseST|Win32.Build.0 = Release|Win32
		{0D2D751B-24DD-457D-BDDD-46EDB597E006}.ReleaseST|x64.ActiveCfg = Release|x64
		{0D2D751B-24DD-457D-BDDD-46EDB597E006}.ReleaseST|x64.Build.0 = Release|x64
		{E75202E3-D161-435D-8250-F7D8D850D2BF}.Debug|Win32.ActiveCfg = Debug|Win32
		{E75202E3-D161-435D-8250-F7D8D850D2BF}.Debug|Win32.Build.0 = Debug|Win32
		{E75202E3-D161-435D-8250-F7D8D850D2BF}.Debug|x64.ActiveCfg = Debug|x64
		{E75202E3-D161-435D-8250-F7D8D850D2BF}.Debug|x64.Build.0 = Debug|x64
		{E75202E3-D161-435D-8250-F7D8D850D2BF}.Release|Win32.ActiveCfg = Release|Win32
		{E75202E3-D161-435D-8250-F7D8D850D2BF}.Release|Win32.Build.0 = Release|Win32
		{E75202E3-D161-435D-8250-F7D8D850D2BF}.Release|x64.ActiveCfg = Release|x64
		{E75202E3-D161-435D-8250-F7D8D850D2BF}.Release|x64.Build.0 = Release|x64
		{E75202E3-D161-435D-8250-F7D8D850D2BF}.ReleaseST|Win32.ActiveCfg = Release|Win32
		{E75202E3-D161-435D-8250-F7D8D850D2BF}.ReleaseST|Win32.Build.0 = Release|Win32
		{E75202E3-D161-435D-8250-F7D8D850D2BF}.ReleaseST|x64.ActiveCfg = Release|x64
		{E75202E3-D161-435D-8250-F7D8D850D2BF}.ReleaseST|x64.Build.0 = Release|x64
	EndGlobalSection
	GlobalSection(SolutionProperties) = preSolution
		HideSolutionNode = FALSE
	EndGlobalSection
EndGlobal
